
Microsoft Visual Studio Solution File, Format Version 12.00
# Visual Studio Version 16
VisualStudioVersion = 16.0.34931.43
MinimumVisualStudioVersion = 10.0.40219.1
Project("{FAE04EC0-301F-11D3-BF4B-00C04F79EFBC}") = "EFCore.WebAPI", "EFCore.WebAPI.csproj", "{75B3B3B4-6483-41A9-964A-678D539381A8}"
EndProject
Global
	GlobalSection(SolutionConfigurationPlatforms) = preSolution
		Debug|Any CPU = Debug|Any CPU
		Release|Any CPU = Release|Any CPU
	EndGlobalSection
	GlobalSection(ProjectConfigurationPlatforms) = postSolution
		{75B3B3B4-6483-41A9-964A-678D539381A8}.Debug|Any CPU.ActiveCfg = Debug|Any CPU
		{75B3B3B4-6483-41A9-964A-678D539381A8}.Debug|Any CPU.Build.0 = Debug|Any CPU
		{75B3B3B4-6483-41A9-964A-678D539381A8}.Release|Any CPU.ActiveCfg = Release|Any CPU
		{75B3B3B4-6483-41A9-964A-678D539381A8}.Release|Any CPU.Build.0 = Release|Any CPU
	EndGlobalSection
	GlobalSection(SolutionProperties) = preSolution
		HideSolutionNode = FALSE
	EndGlobalSection
	GlobalSection(ExtensibilityGlobals) = postSolution
		SolutionGuid = {BBB3E871-9DF6-4AB7-B911-5760093C6DC0}
	EndGlobalSection
EndGlobal
